// !$*UTF8*$!
{
	archiveVersion = 1;
	classes = {
	};
	objectVersion = 56;
	objects = {

/* Begin PBXBuildFile section */
		64292D842ADFE5680098F513 /* data.swift in Sources */ = {isa = PBXBuildFile; fileRef = 64292D832ADFE5680098F513 /* data.swift */; };
		64292D862ADFEB080098F513 /* SafariView.swift in Sources */ = {isa = PBXBuildFile; fileRef = 64292D852ADFEB080098F513 /* SafariView.swift */; };
		64292D882ADFF0210098F513 /* IconButton.swift in Sources */ = {isa = PBXBuildFile; fileRef = 64292D872ADFF0210098F513 /* IconButton.swift */; };
		64292D8A2AE0922F0098F513 /* AboutMeView.swift in Sources */ = {isa = PBXBuildFile; fileRef = 64292D892AE0922F0098F513 /* AboutMeView.swift */; };
		646E67BC2ADEA2CF005BBEBB /* Portfolio_iOSAppApp.swift in Sources */ = {isa = PBXBuildFile; fileRef = 646E67BB2ADEA2CF005BBEBB /* Portfolio_iOSAppApp.swift */; };
		646E67BE2ADEA2CF005BBEBB /* Home_View.swift in Sources */ = {isa = PBXBuildFile; fileRef = 646E67BD2ADEA2CF005BBEBB /* Home_View.swift */; };
		646E67C02ADEA2D0005BBEBB /* Assets.xcassets in Resources */ = {isa = PBXBuildFile; fileRef = 646E67BF2ADEA2D0005BBEBB /* Assets.xcassets */; };
		646E67C32ADEA2D0005BBEBB /* Preview Assets.xcassets in Resources */ = {isa = PBXBuildFile; fileRef = 646E67C22ADEA2D0005BBEBB /* Preview Assets.xcassets */; };
		646E67CB2ADEA923005BBEBB /* SwiftUIFontIcon in Frameworks */ = {isa = PBXBuildFile; productRef = 646E67CA2ADEA923005BBEBB /* SwiftUIFontIcon */; };
		647456A02AE1F6E70034B223 /* CardView.swift in Sources */ = {isa = PBXBuildFile; fileRef = 6474569F2AE1F6E70034B223 /* CardView.swift */; };
		647456A22AE208200034B223 /* WorksButton.swift in Sources */ = {isa = PBXBuildFile; fileRef = 647456A12AE208200034B223 /* WorksButton.swift */; };
		647ECAA42AE35C9B001A1B86 /* SpeakerView.swift in Sources */ = {isa = PBXBuildFile; fileRef = 647ECAA32AE35C9B001A1B86 /* SpeakerView.swift */; };
		647ECAA62AE35EA2001A1B86 /* SpeakerButton.swift in Sources */ = {isa = PBXBuildFile; fileRef = 647ECAA52AE35EA2001A1B86 /* SpeakerButton.swift */; };
		649255B82AE4013B00EB66F9 /* TabView.swift in Sources */ = {isa = PBXBuildFile; fileRef = 649255B72AE4013B00EB66F9 /* TabView.swift */; };
		64F2C7262AE9431A00E346DE /* GifImage.swift in Sources */ = {isa = PBXBuildFile; fileRef = 64F2C7252AE9431A00E346DE /* GifImage.swift */; };
		64F2C7282AE943A600E346DE /* cover_gif.gif in Resources */ = {isa = PBXBuildFile; fileRef = 64F2C7272AE943A500E346DE /* cover_gif.gif */; };
		64F2C72A2AE9483300E346DE /* BlogView.swift in Sources */ = {isa = PBXBuildFile; fileRef = 64F2C7292AE9483300E346DE /* BlogView.swift */; };
		64F2C72C2AE948B600E346DE /* BlogsButton.swift in Sources */ = {isa = PBXBuildFile; fileRef = 64F2C72B2AE948B600E346DE /* BlogsButton.swift */; };
/* End PBXBuildFile section */

/* Begin PBXFileReference section */
		64292D832ADFE5680098F513 /* data.swift */ = {isa = PBXFileReference; lastKnownFileType = sourcecode.swift; path = data.swift; sourceTree = "<group>"; };
		64292D852ADFEB080098F513 /* SafariView.swift */ = {isa = PBXFileReference; lastKnownFileType = sourcecode.swift; path = SafariView.swift; sourceTree = "<group>"; };
		64292D872ADFF0210098F513 /* IconButton.swift */ = {isa = PBXFileReference; lastKnownFileType = sourcecode.swift; path = IconButton.swift; sourceTree = "<group>"; };
		64292D892AE0922F0098F513 /* AboutMeView.swift */ = {isa = PBXFileReference; lastKnownFileType = sourcecode.swift; path = AboutMeView.swift; sourceTree = "<group>"; };
		646E67B82ADEA2CF005BBEBB /* Portfolio-iOSApp.app */ = {isa = PBXFileReference; explicitFileType = wrapper.application; includeInIndex = 0; path = "Portfolio-iOSApp.app"; sourceTree = BUILT_PRODUCTS_DIR; };
		646E67BB2ADEA2CF005BBEBB /* Portfolio_iOSAppApp.swift */ = {isa = PBXFileReference; lastKnownFileType = sourcecode.swift; path = Portfolio_iOSAppApp.swift; sourceTree = "<group>"; };
		646E67BD2ADEA2CF005BBEBB /* Home_View.swift */ = {isa = PBXFileReference; lastKnownFileType = sourcecode.swift; path = Home_View.swift; sourceTree = "<group>"; };
		646E67BF2ADEA2D0005BBEBB /* Assets.xcassets */ = {isa = PBXFileReference; lastKnownFileType = folder.assetcatalog; path = Assets.xcassets; sourceTree = "<group>"; };
		646E67C22ADEA2D0005BBEBB /* Preview Assets.xcassets */ = {isa = PBXFileReference; lastKnownFileType = folder.assetcatalog; path = "Preview Assets.xcassets"; sourceTree = "<group>"; };
		6474569F2AE1F6E70034B223 /* CardView.swift */ = {isa = PBXFileReference; lastKnownFileType = sourcecode.swift; path = CardView.swift; sourceTree = "<group>"; };
		647456A12AE208200034B223 /* WorksButton.swift */ = {isa = PBXFileReference; lastKnownFileType = sourcecode.swift; path = WorksButton.swift; sourceTree = "<group>"; };
		647ECAA32AE35C9B001A1B86 /* SpeakerView.swift */ = {isa = PBXFileReference; lastKnownFileType = sourcecode.swift; path = SpeakerView.swift; sourceTree = "<group>"; };
		647ECAA52AE35EA2001A1B86 /* SpeakerButton.swift */ = {isa = PBXFileReference; lastKnownFileType = sourcecode.swift; path = SpeakerButton.swift; sourceTree = "<group>"; };
		649255B72AE4013B00EB66F9 /* TabView.swift */ = {isa = PBXFileReference; lastKnownFileType = sourcecode.swift; path = TabView.swift; sourceTree = "<group>"; };
		64F2C7252AE9431A00E346DE /* GifImage.swift */ = {isa = PBXFileReference; lastKnownFileType = sourcecode.swift; path = GifImage.swift; sourceTree = "<group>"; };
		64F2C7272AE943A500E346DE /* cover_gif.gif */ = {isa = PBXFileReference; lastKnownFileType = image.gif; path = cover_gif.gif; sourceTree = "<group>"; };
		64F2C7292AE9483300E346DE /* BlogView.swift */ = {isa = PBXFileReference; lastKnownFileType = sourcecode.swift; path = BlogView.swift; sourceTree = "<group>"; };
		64F2C72B2AE948B600E346DE /* BlogsButton.swift */ = {isa = PBXFileReference; lastKnownFileType = sourcecode.swift; path = BlogsButton.swift; sourceTree = "<group>"; };
/* End PBXFileReference section */

/* Begin PBXFrameworksBuildPhase section */
		646E67B52ADEA2CF005BBEBB /* Frameworks */ = {
			isa = PBXFrameworksBuildPhase;
			buildActionMask = 2147483647;
			files = (
				646E67CB2ADEA923005BBEBB /* SwiftUIFontIcon in Frameworks */,
			);
			runOnlyForDeploymentPostprocessing = 0;
		};
/* End PBXFrameworksBuildPhase section */

/* Begin PBXGroup section */
		646E67AF2ADEA2CF005BBEBB = {
			isa = PBXGroup;
			children = (
				646E67BA2ADEA2CF005BBEBB /* Portfolio-iOSApp */,
				646E67B92ADEA2CF005BBEBB /* Products */,
			);
			sourceTree = "<group>";
		};
		646E67B92ADEA2CF005BBEBB /* Products */ = {
			isa = PBXGroup;
			children = (
				646E67B82ADEA2CF005BBEBB /* Portfolio-iOSApp.app */,
			);
			name = Products;
			sourceTree = "<group>";
		};
		646E67BA2ADEA2CF005BBEBB /* Portfolio-iOSApp */ = {
			isa = PBXGroup;
			children = (
				646E67BB2ADEA2CF005BBEBB /* Portfolio_iOSAppApp.swift */,
				647456A12AE208200034B223 /* WorksButton.swift */,
				647ECAA52AE35EA2001A1B86 /* SpeakerButton.swift */,
				64F2C72B2AE948B600E346DE /* BlogsButton.swift */,
				64292D872ADFF0210098F513 /* IconButton.swift */,
				64292D832ADFE5680098F513 /* data.swift */,
				64F2C7272AE943A500E346DE /* cover_gif.gif */,
				647456A32AE20A740034B223 /* View */,
				646E67BF2ADEA2D0005BBEBB /* Assets.xcassets */,
				646E67C12ADEA2D0005BBEBB /* Preview Content */,
			);
			path = "Portfolio-iOSApp";
			sourceTree = "<group>";
		};
		646E67C12ADEA2D0005BBEBB /* Preview Content */ = {
			isa = PBXGroup;
			children = (
				646E67C22ADEA2D0005BBEBB /* Preview Assets.xcassets */,
			);
			path = "Preview Content";
			sourceTree = "<group>";
		};
		647456A32AE20A740034B223 /* View */ = {
			isa = PBXGroup;
			children = (
				649255B72AE4013B00EB66F9 /* TabView.swift */,
				646E67BD2ADEA2CF005BBEBB /* Home_View.swift */,
				64F2C7252AE9431A00E346DE /* GifImage.swift */,
				64292D892AE0922F0098F513 /* AboutMeView.swift */,
				6474569F2AE1F6E70034B223 /* CardView.swift */,
				647ECAA32AE35C9B001A1B86 /* SpeakerView.swift */,
				64292D852ADFEB080098F513 /* SafariView.swift */,
				64F2C7292AE9483300E346DE /* BlogView.swift */,
			);
			path = View;
			sourceTree = "<group>";
		};
/* End PBXGroup section */

/* Begin PBXNativeTarget section */
		646E67B72ADEA2CF005BBEBB /* Portfolio-iOSApp */ = {
			isa = PBXNativeTarget;
			buildConfigurationList = 646E67C62ADEA2D0005BBEBB /* Build configuration list for PBXNativeTarget "Portfolio-iOSApp" */;
			buildPhases = (
				646E67B42ADEA2CF005BBEBB /* Sources */,
				646E67B52ADEA2CF005BBEBB /* Frameworks */,
				646E67B62ADEA2CF005BBEBB /* Resources */,
			);
			buildRules = (
			);
			dependencies = (
			);
			name = "Portfolio-iOSApp";
			packageProductDependencies = (
				646E67CA2ADEA923005BBEBB /* SwiftUIFontIcon */,
			);
			productName = "Portfolio-iOSApp";
			productReference = 646E67B82ADEA2CF005BBEBB /* Portfolio-iOSApp.app */;
			productType = "com.apple.product-type.application";
		};
/* End PBXNativeTarget section */

/* Begin PBXProject section */
		646E67B02ADEA2CF005BBEBB /* Project object */ = {
			isa = PBXProject;
			attributes = {
				BuildIndependentTargetsInParallel = 1;
				LastSwiftUpdateCheck = 1500;
				LastUpgradeCheck = 1500;
				TargetAttributes = {
					646E67B72ADEA2CF005BBEBB = {
						CreatedOnToolsVersion = 15.0;
					};
				};
			};
			buildConfigurationList = 646E67B32ADEA2CF005BBEBB /* Build configuration list for PBXProject "Portfolio-iOSApp" */;
			compatibilityVersion = "Xcode 14.0";
			developmentRegion = en;
			hasScannedForEncodings = 0;
			knownRegions = (
				en,
				Base,
			);
			mainGroup = 646E67AF2ADEA2CF005BBEBB;
			packageReferences = (
				646E67C92ADEA923005BBEBB /* XCRemoteSwiftPackageReference "SwiftUIFontIcon" */,
			);
			productRefGroup = 646E67B92ADEA2CF005BBEBB /* Products */;
			projectDirPath = "";
			projectRoot = "";
			targets = (
				646E67B72ADEA2CF005BBEBB /* Portfolio-iOSApp */,
			);
		};
/* End PBXProject section */

/* Begin PBXResourcesBuildPhase section */
		646E67B62ADEA2CF005BBEBB /* Resources */ = {
			isa = PBXResourcesBuildPhase;
			buildActionMask = 2147483647;
			files = (
				646E67C32ADEA2D0005BBEBB /* Preview Assets.xcassets in Resources */,
				646E67C02ADEA2D0005BBEBB /* Assets.xcassets in Resources */,
				64F2C7282AE943A600E346DE /* cover_gif.gif in Resources */,
			);
			runOnlyForDeploymentPostprocessing = 0;
		};
/* End PBXResourcesBuildPhase section */

/* Begin PBXSourcesBuildPhase section */
		646E67B42ADEA2CF005BBEBB /* Sources */ = {
			isa = PBXSourcesBuildPhase;
			buildActionMask = 2147483647;
			files = (
				649255B82AE4013B00EB66F9 /* TabView.swift in Sources */,
				647456A02AE1F6E70034B223 /* CardView.swift in Sources */,
				64F2C7262AE9431A00E346DE /* GifImage.swift in Sources */,
				64292D862ADFEB080098F513 /* SafariView.swift in Sources */,
				647ECAA42AE35C9B001A1B86 /* SpeakerView.swift in Sources */,
				646E67BE2ADEA2CF005BBEBB /* Home_View.swift in Sources */,
				646E67BC2ADEA2CF005BBEBB /* Portfolio_iOSAppApp.swift in Sources */,
				64292D8A2AE0922F0098F513 /* AboutMeView.swift in Sources */,
				64F2C72A2AE9483300E346DE /* BlogView.swift in Sources */,
				64292D882ADFF0210098F513 /* IconButton.swift in Sources */,
				647ECAA62AE35EA2001A1B86 /* SpeakerButton.swift in Sources */,
				64F2C72C2AE948B600E346DE /* BlogsButton.swift in Sources */,
				647456A22AE208200034B223 /* WorksButton.swift in Sources */,
				64292D842ADFE5680098F513 /* data.swift in Sources */,
			);
			runOnlyForDeploymentPostprocessing = 0;
		};
/* End PBXSourcesBuildPhase section */

/* Begin XCBuildConfiguration section */
		646E67C42ADEA2D0005BBEBB /* Debug */ = {
			isa = XCBuildConfiguration;
			buildSettings = {
				ALWAYS_SEARCH_USER_PATHS = NO;
				ASSETCATALOG_COMPILER_GENERATE_SWIFT_ASSET_SYMBOL_EXTENSIONS = YES;
				CLANG_ANALYZER_NONNULL = YES;
				CLANG_ANALYZER_NUMBER_OBJECT_CONVERSION = YES_AGGRESSIVE;
				CLANG_CXX_LANGUAGE_STANDARD = "gnu++20";
				CLANG_ENABLE_MODULES = YES;
				CLANG_ENABLE_OBJC_ARC = YES;
				CLANG_ENABLE_OBJC_WEAK = YES;
				CLANG_WARN_BLOCK_CAPTURE_AUTORELEASING = YES;
				CLANG_WARN_BOOL_CONVERSION = YES;
				CLANG_WARN_COMMA = YES;
				CLANG_WARN_CONSTANT_CONVERSION = YES;
				CLANG_WARN_DEPRECATED_OBJC_IMPLEMENTATIONS = YES;
				CLANG_WARN_DIRECT_OBJC_ISA_USAGE = YES_ERROR;
				CLANG_WARN_DOCUMENTATION_COMMENTS = YES;
				CLANG_WARN_EMPTY_BODY = YES;
				CLANG_WARN_ENUM_CONVERSION = YES;
				CLANG_WARN_INFINITE_RECURSION = YES;
				CLANG_WARN_INT_CONVERSION = YES;
				CLANG_WARN_NON_LITERAL_NULL_CONVERSION = YES;
				CLANG_WARN_OBJC_IMPLICIT_RETAIN_SELF = YES;
				CLANG_WARN_OBJC_LITERAL_CONVERSION = YES;
				CLANG_WARN_OBJC_ROOT_CLASS = YES_ERROR;
				CLANG_WARN_QUOTED_INCLUDE_IN_FRAMEWORK_HEADER = YES;
				CLANG_WARN_RANGE_LOOP_ANALYSIS = YES;
				CLANG_WARN_STRICT_PROTOTYPES = YES;
				CLANG_WARN_SUSPICIOUS_MOVE = YES;
				CLANG_WARN_UNGUARDED_AVAILABILITY = YES_AGGRESSIVE;
				CLANG_WARN_UNREACHABLE_CODE = YES;
				CLANG_WARN__DUPLICATE_METHOD_MATCH = YES;
				COPY_PHASE_STRIP = NO;
				DEBUG_INFORMATION_FORMAT = dwarf;
				ENABLE_STRICT_OBJC_MSGSEND = YES;
				ENABLE_TESTABILITY = YES;
				ENABLE_USER_SCRIPT_SANDBOXING = YES;
				GCC_C_LANGUAGE_STANDARD = gnu17;
				GCC_DYNAMIC_NO_PIC = NO;
				GCC_NO_COMMON_BLOCKS = YES;
				GCC_OPTIMIZATION_LEVEL = 0;
				GCC_PREPROCESSOR_DEFINITIONS = (
					"DEBUG=1",
					"$(inherited)",
				);
				GCC_WARN_64_TO_32_BIT_CONVERSION = YES;
				GCC_WARN_ABOUT_RETURN_TYPE = YES_ERROR;
				GCC_WARN_UNDECLARED_SELECTOR = YES;
				GCC_WARN_UNINITIALIZED_AUTOS = YES_AGGRESSIVE;
				GCC_WARN_UNUSED_FUNCTION = YES;
				GCC_WARN_UNUSED_VARIABLE = YES;
				IPHONEOS_DEPLOYMENT_TARGET = 17.0;
				LOCALIZATION_PREFERS_STRING_CATALOGS = YES;
				MTL_ENABLE_DEBUG_INFO = INCLUDE_SOURCE;
				MTL_FAST_MATH = YES;
				ONLY_ACTIVE_ARCH = YES;
				SDKROOT = iphoneos;
				SWIFT_ACTIVE_COMPILATION_CONDITIONS = "DEBUG $(inherited)";
				SWIFT_OPTIMIZATION_LEVEL = "-Onone";
			};
			name = Debug;
		};
		646E67C52ADEA2D0005BBEBB /* Release */ = {
			isa = XCBuildConfiguration;
			buildSettings = {
				ALWAYS_SEARCH_USER_PATHS = NO;
				ASSETCATALOG_COMPILER_GENERATE_SWIFT_ASSET_SYMBOL_EXTENSIONS = YES;
				CLANG_ANALYZER_NONNULL = YES;
				CLANG_ANALYZER_NUMBER_OBJECT_CONVERSION = YES_AGGRESSIVE;
				CLANG_CXX_LANGUAGE_STANDARD = "gnu++20";
				CLANG_ENABLE_MODULES = YES;
				CLANG_ENABLE_OBJC_ARC = YES;
				CLANG_ENABLE_OBJC_WEAK = YES;
				CLANG_WARN_BLOCK_CAPTURE_AUTORELEASING = YES;
				CLANG_WARN_BOOL_CONVERSION = YES;
				CLANG_WARN_COMMA = YES;
				CLANG_WARN_CONSTANT_CONVERSION = YES;
				CLANG_WARN_DEPRECATED_OBJC_IMPLEMENTATIONS = YES;
				CLANG_WARN_DIRECT_OBJC_ISA_USAGE = YES_ERROR;
				CLANG_WARN_DOCUMENTATION_COMMENTS = YES;
				CLANG_WARN_EMPTY_BODY = YES;
				CLANG_WARN_ENUM_CONVERSION = YES;
				CLANG_WARN_INFINITE_RECURSION = YES;
				CLANG_WARN_INT_CONVERSION = YES;
				CLANG_WARN_NON_LITERAL_NULL_CONVERSION = YES;
				CLANG_WARN_OBJC_IMPLICIT_RETAIN_SELF = YES;
				CLANG_WARN_OBJC_LITERAL_CONVERSION = YES;
				CLANG_WARN_OBJC_ROOT_CLASS = YES_ERROR;
				CLANG_WARN_QUOTED_INCLUDE_IN_FRAMEWORK_HEADER = YES;
				CLANG_WARN_RANGE_LOOP_ANALYSIS = YES;
				CLANG_WARN_STRICT_PROTOTYPES = YES;
				CLANG_WARN_SUSPICIOUS_MOVE = YES;
				CLANG_WARN_UNGUARDED_AVAILABILITY = YES_AGGRESSIVE;
				CLANG_WARN_UNREACHABLE_CODE = YES;
				CLANG_WARN__DUPLICATE_METHOD_MATCH = YES;
				COPY_PHASE_STRIP = NO;
				DEBUG_INFORMATION_FORMAT = "dwarf-with-dsym";
				ENABLE_NS_ASSERTIONS = NO;
				ENABLE_STRICT_OBJC_MSGSEND = YES;
				ENABLE_USER_SCRIPT_SANDBOXING = YES;
				GCC_C_LANGUAGE_STANDARD = gnu17;
				GCC_NO_COMMON_BLOCKS = YES;
				GCC_WARN_64_TO_32_BIT_CONVERSION = YES;
				GCC_WARN_ABOUT_RETURN_TYPE = YES_ERROR;
				GCC_WARN_UNDECLARED_SELECTOR = YES;
				GCC_WARN_UNINITIALIZED_AUTOS = YES_AGGRESSIVE;
				GCC_WARN_UNUSED_FUNCTION = YES;
				GCC_WARN_UNUSED_VARIABLE = YES;
				IPHONEOS_DEPLOYMENT_TARGET = 17.0;
				LOCALIZATION_PREFERS_STRING_CATALOGS = YES;
				MTL_ENABLE_DEBUG_INFO = NO;
				MTL_FAST_MATH = YES;
				SDKROOT = iphoneos;
				SWIFT_COMPILATION_MODE = wholemodule;
				VALIDATE_PRODUCT = YES;
			};
			name = Release;
		};
		646E67C72ADEA2D0005BBEBB /* Debug */ = {
			isa = XCBuildConfiguration;
			buildSettings = {
				ASSETCATALOG_COMPILER_APPICON_NAME = AppIcon;
				ASSETCATALOG_COMPILER_GLOBAL_ACCENT_COLOR_NAME = AccentColor;
				CODE_SIGN_STYLE = Automatic;
				CURRENT_PROJECT_VERSION = 1;
				DEVELOPMENT_ASSET_PATHS = "\"Portfolio-iOSApp/Preview Content\"";
				DEVELOPMENT_TEAM = H4X7G96ZKF;
				ENABLE_PREVIEWS = YES;
				GENERATE_INFOPLIST_FILE = YES;
				INFOPLIST_KEY_UIApplicationSceneManifest_Generation = YES;
				INFOPLIST_KEY_UIApplicationSupportsIndirectInputEvents = YES;
				INFOPLIST_KEY_UILaunchScreen_Generation = YES;
				INFOPLIST_KEY_UISupportedInterfaceOrientations_iPad = "UIInterfaceOrientationPortrait UIInterfaceOrientationPortraitUpsideDown UIInterfaceOrientationLandscapeLeft UIInterfaceOrientationLandscapeRight";
				INFOPLIST_KEY_UISupportedInterfaceOrientations_iPhone = "UIInterfaceOrientationPortrait UIInterfaceOrientationLandscapeLeft UIInterfaceOrientationLandscapeRight";
				LD_RUNPATH_SEARCH_PATHS = (
					"$(inherited)",
					"@executable_path/Frameworks",
				);
				MARKETING_VERSION = 1.0;
				PRODUCT_BUNDLE_IDENTIFIER = "com.palatipjant.Portfolio-iOSApp";
				PRODUCT_NAME = "$(TARGET_NAME)";
				SWIFT_EMIT_LOC_STRINGS = YES;
				SWIFT_VERSION = 5.0;
				TARGETED_DEVICE_FAMILY = "1,2";
			};
			name = Debug;
		};
		646E67C82ADEA2D0005BBEBB /* Release */ = {
			isa = XCBuildConfiguration;
			buildSettings = {
				ASSETCATALOG_COMPILER_APPICON_NAME = AppIcon;
				ASSETCATALOG_COMPILER_GLOBAL_ACCENT_COLOR_NAME = AccentColor;
				CODE_SIGN_STYLE = Automatic;
				CURRENT_PROJECT_VERSION = 1;
				DEVELOPMENT_ASSET_PATHS = "\"Portfolio-iOSApp/Preview Content\"";
				DEVELOPMENT_TEAM = H4X7G96ZKF;
				ENABLE_PREVIEWS = YES;
				GENERATE_INFOPLIST_FILE = YES;
				INFOPLIST_KEY_UIApplicationSceneManifest_Generation = YES;
				INFOPLIST_KEY_UIApplicationSupportsIndirectInputEvents = YES;
				INFOPLIST_KEY_UILaunchScreen_Generation = YES;
				INFOPLIST_KEY_UISupportedInterfaceOrientations_iPad = "UIInterfaceOrientationPortrait UIInterfaceOrientationPortraitUpsideDown UIInterfaceOrientationLandscapeLeft UIInterfaceOrientationLandscapeRight";
				INFOPLIST_KEY_UISupportedInterfaceOrientations_iPhone = "UIInterfaceOrientationPortrait UIInterfaceOrientationLandscapeLeft UIInterfaceOrientationLandscapeRight";
				LD_RUNPATH_SEARCH_PATHS = (
					"$(inherited)",
					"@executable_path/Frameworks",
				);
				MARKETING_VERSION = 1.0;
				PRODUCT_BUNDLE_IDENTIFIER = "com.palatipjant.Portfolio-iOSApp";
				PRODUCT_NAME = "$(TARGET_NAME)";
				SWIFT_EMIT_LOC_STRINGS = YES;
				SWIFT_VERSION = 5.0;
				TARGETED_DEVICE_FAMILY = "1,2";
			};
			name = Release;
		};
/* End XCBuildConfiguration section */

/* Begin XCConfigurationList section */
		646E67B32ADEA2CF005BBEBB /* Build configuration list for PBXProject "Portfolio-iOSApp" */ = {
			isa = XCConfigurationList;
			buildConfigurations = (
				646E67C42ADEA2D0005BBEBB /* Debug */,
				646E67C52ADEA2D0005BBEBB /* Release */,
			);
			defaultConfigurationIsVisible = 0;
			defaultConfigurationName = Release;
		};
		646E67C62ADEA2D0005BBEBB /* Build configuration list for PBXNativeTarget "Portfolio-iOSApp" */ = {
			isa = XCConfigurationList;
			buildConfigurations = (
				646E67C72ADEA2D0005BBEBB /* Debug */,
				646E67C82ADEA2D0005BBEBB /* Release */,
			);
			defaultConfigurationIsVisible = 0;
			defaultConfigurationName = Release;
		};
/* End XCConfigurationList section */

/* Begin XCRemoteSwiftPackageReference section */
		646E67C92ADEA923005BBEBB /* XCRemoteSwiftPackageReference "SwiftUIFontIcon" */ = {
			isa = XCRemoteSwiftPackageReference;
			repositoryURL = "https://github.com/huybuidac/SwiftUIFontIcon";
			requirement = {
				kind = upToNextMajorVersion;
				minimumVersion = 2.1.0;
			};
		};
/* End XCRemoteSwiftPackageReference section */

/* Begin XCSwiftPackageProductDependency section */
		646E67CA2ADEA923005BBEBB /* SwiftUIFontIcon */ = {
			isa = XCSwiftPackageProductDependency;
			package = 646E67C92ADEA923005BBEBB /* XCRemoteSwiftPackageReference "SwiftUIFontIcon" */;
			productName = SwiftUIFontIcon;
		};
/* End XCSwiftPackageProductDependency section */
	};
	rootObject = 646E67B02ADEA2CF005BBEBB /* Project object */;
}
